
Microsoft Visual Studio Solution File, Format Version 12.00
# Visual Studio Version 17
VisualStudioVersion = 17.8.34511.84
MinimumVisualStudioVersion = 10.0.40219.1
Project("{FAE04EC0-301F-11D3-BF4B-00C04F79EFBC}") = "MlFutebol.Data", "src\MlFotebol.Data\MlFutebol.Data.csproj", "{6BD67877-E26F-4C80-B71D-C38734350072}"
EndProject
Project("{9A19103F-16F7-4668-BE54-9A1E7A4F7556}") = "MlFutebol.Bussiness", "src\MlFotebol.Bussiness\MlFutebol.Bussiness.csproj", "{9DBB4224-39B3-4DF4-9694-0EFE54A3EC9D}"
EndProject
Project("{FAE04EC0-301F-11D3-BF4B-00C04F79EFBC}") = "MLFutebol.Api", "MLFotebol.Api\MLFutebol.Api.csproj", "{5876FCA7-BAD3-41C0-A00A-C550CF30406C}"
EndProject
Global
	GlobalSection(SolutionConfigurationPlatforms) = preSolution
		Debug|Any CPU = Debug|Any CPU
		Release|Any CPU = Release|Any CPU
	EndGlobalSection
	GlobalSection(ProjectConfigurationPlatforms) = postSolution
		{6BD67877-E26F-4C80-B71D-C38734350072}.Debug|Any CPU.ActiveCfg = Debug|Any CPU
		{6BD67877-E26F-4C80-B71D-C38734350072}.Debug|Any CPU.Build.0 = Debug|Any CPU
		{6BD67877-E26F-4C80-B71D-C38734350072}.Release|Any CPU.ActiveCfg = Release|Any CPU
		{6BD67877-E26F-4C80-B71D-C38734350072}.Release|Any CPU.Build.0 = Release|Any CPU
		{9DBB4224-39B3-4DF4-9694-0EFE54A3EC9D}.Debug|Any CPU.ActiveCfg = Debug|Any CPU
		{9DBB4224-39B3-4DF4-9694-0EFE54A3EC9D}.Debug|Any CPU.Build.0 = Debug|Any CPU
		{9DBB4224-39B3-4DF4-9694-0EFE54A3EC9D}.Release|Any CPU.ActiveCfg = Release|Any CPU
		{9DBB4224-39B3-4DF4-9694-0EFE54A3EC9D}.Release|Any CPU.Build.0 = Release|Any CPU
		{5876FCA7-BAD3-41C0-A00A-C550CF30406C}.Debug|Any CPU.ActiveCfg = Debug|Any CPU
		{5876FCA7-BAD3-41C0-A00A-C550CF30406C}.Debug|Any CPU.Build.0 = Debug|Any CPU
		{5876FCA7-BAD3-41C0-A00A-C550CF30406C}.Release|Any CPU.ActiveCfg = Release|Any CPU
		{5876FCA7-BAD3-41C0-A00A-C550CF30406C}.Release|Any CPU.Build.0 = Release|Any CPU
	EndGlobalSection
	GlobalSection(SolutionProperties) = preSolution
		HideSolutionNode = FALSE
	EndGlobalSection
	GlobalSection(ExtensibilityGlobals) = postSolution
		SolutionGuid = {C9F390DB-3E4B-427D-9CAA-57A7E13D6444}
	EndGlobalSection
EndGlobal
